// !$*UTF8*$!
{
	archiveVersion = 1;
	classes = {
	};
	objectVersion = 54;
	objects = {

/* Begin PBXBuildFile section */
		0D2CC1CEB953DF95E0D97089 /* Typography.swift in Sources */ = {isa = PBXBuildFile; fileRef = D76E44A2F430428833EC1B3C /* Typography.swift */; };
		0F5219BDB5110020352E1FFE /* CardModifier.swift in Sources */ = {isa = PBXBuildFile; fileRef = 3879D6C1E6B584E7A8F86A78 /* CardModifier.swift */; };
		11B5C693095C6811C926EBF5 /* WalkActivityIntents.swift in Sources */ = {isa = PBXBuildFile; fileRef = 5FC13A7ED86DDAB60A3DBA69 /* WalkActivityIntents.swift */; };
		13339F971D9A3109B653F215 /* Theme.swift in Sources */ = {isa = PBXBuildFile; fileRef = 4A0C96AD402DE51DC12122C5 /* Theme.swift */; };
		169750C2ECD1416C0EBE0105 /* PostDetailView.swift in Sources */ = {isa = PBXBuildFile; fileRef = CCABDB3E964AE0A3A8925071 /* PostDetailView.swift */; };
		175D44DC96A4E5AE8ED5A776 /* ThemePickerView.swift in Sources */ = {isa = PBXBuildFile; fileRef = E498500C7C8981156C5F14A0 /* ThemePickerView.swift */; };
		1B8A91A93E2D061EC7B6740E /* CloudinaryHelper.swift in Sources */ = {isa = PBXBuildFile; fileRef = 6EA572310A954988DC2E59C6 /* CloudinaryHelper.swift */; };
		1C6B40917EE3C29C6C11B5C3 /* RouteSnapshotter.swift in Sources */ = {isa = PBXBuildFile; fileRef = B70CF6745F15A1AC7E863C7F /* RouteSnapshotter.swift */; };
		289AA4990B8C099A15CA12ED /* FirebaseModels.swift in Sources */ = {isa = PBXBuildFile; fileRef = C86D88685650E580DE88B304 /* FirebaseModels.swift */; };
		2E570FCC717DBE7F7A496E69 /* ProfileAvatar.swift in Sources */ = {isa = PBXBuildFile; fileRef = D6A93BD2B4DCB4D2FED3E806 /* ProfileAvatar.swift */; };
		3125DEB88300904DB337D094 /* DogSitterApp.swift in Sources */ = {isa = PBXBuildFile; fileRef = 00B35865A6F5DE261821719A /* DogSitterApp.swift */; };
		32F84FEEDBEBF64FA160A8E1 /* AddressSearchService.swift in Sources */ = {isa = PBXBuildFile; fileRef = B0CE113F642431B82F82F801 /* AddressSearchService.swift */; };
		3476778EF5352D1F0A3464C4 /* AddressAutocompleteView.swift in Sources */ = {isa = PBXBuildFile; fileRef = 9E18DB6BFD88A81846FA0A2C /* AddressAutocompleteView.swift */; };
		3B59F5F3ECCF20DBE7D17955 /* NotificationManager.swift in Sources */ = {isa = PBXBuildFile; fileRef = C6C1B934E3C4238E0A55324A /* NotificationManager.swift */; };
		3CCD42B0ACCEA046CAF4F06C /* CreatePostView.swift in Sources */ = {isa = PBXBuildFile; fileRef = A3695B4344339980C1ED5ED6 /* CreatePostView.swift */; };
		44D10D8B333A7967CD17610C /* PaymentHistoryView.swift in Sources */ = {isa = PBXBuildFile; fileRef = 0108336D1E91947DFA5C807A /* PaymentHistoryView.swift */; };
		45AA1F9C618E3EFD2E894502 /* Spacing.swift in Sources */ = {isa = PBXBuildFile; fileRef = 52994C84A4F1D49EF94DA25B /* Spacing.swift */; };
		46F12CDE1428358F519D3675 /* WalkActivityWidget.appex in Embed Foundation Extensions */ = {isa = PBXBuildFile; fileRef = 7457A1471EFA575685D38319 /* WalkActivityWidget.appex */; settings = {ATTRIBUTES = (RemoveHeadersOnCopy, ); }; };
		4703B6B850D38AF9201C095C /* WalkActivityAttributes.swift in Sources */ = {isa = PBXBuildFile; fileRef = D652B289770430819B9CD5DA /* WalkActivityAttributes.swift */; };
		47382124E463F45B3F9880B6 /* GoogleService-Info.plist in Resources */ = {isa = PBXBuildFile; fileRef = 399456D5AC5F8B0594AE715F /* GoogleService-Info.plist */; };
		4BE5BF6567FE27244B5D069C /* Date+ChatTime.swift in Sources */ = {isa = PBXBuildFile; fileRef = 4B77BA9A80D61073AAB0DE28 /* Date+ChatTime.swift */; };
		4BEABD2BD31FA6E5B2B508C8 /* WalkFullView.swift in Sources */ = {isa = PBXBuildFile; fileRef = C33ADE18E53FB3290E8FC041 /* WalkFullView.swift */; };
		4C5346879B87A241C2547764 /* WalkLiveActivityManager.swift in Sources */ = {isa = PBXBuildFile; fileRef = EA94710D0A30EB6B2E357946 /* WalkLiveActivityManager.swift */; };
		4C5948B29084A1CDB9DF52B9 /* SignUpView.swift in Sources */ = {isa = PBXBuildFile; fileRef = 0897B76478E5FE981589E1E4 /* SignUpView.swift */; };
		4E7C8102111C3D0FD9C49748 /* icon.json in Resources */ = {isa = PBXBuildFile; fileRef = E5A55946CCAABF5720B4EB95 /* icon.json */; };
		53B63122E572DA71B772DAE1 /* Elevation.swift in Sources */ = {isa = PBXBuildFile; fileRef = 79347EF833C5D5112A52685E /* Elevation.swift */; };
		56D6724233495C7241C42955 /* EditPostView.swift in Sources */ = {isa = PBXBuildFile; fileRef = 3B07AD794C7E8CC951582621 /* EditPostView.swift */; };
		5860E8FD504A1006F33C3A13 /* OwnerViews.swift in Sources */ = {isa = PBXBuildFile; fileRef = C4C752B72E4AD922787ECD20 /* OwnerViews.swift */; };
		5876A727C6B2A2806FE4D37C /* ThemeEnvironment.swift in Sources */ = {isa = PBXBuildFile; fileRef = B19A6D2EB5951E6A7E3DCB12 /* ThemeEnvironment.swift */; };
		5B01EE76409F26CB956F59D6 /* Radius.swift in Sources */ = {isa = PBXBuildFile; fileRef = 2B81A7EC50570E1A338A5F5B /* Radius.swift */; };
		5B3055A66965F3DB5E324BCA /* AppState.swift in Sources */ = {isa = PBXBuildFile; fileRef = 8697E144AEA2D70846C9C6F9 /* AppState.swift */; };
		5D3C6EFB6B30DE8A63EBD4E2 /* LottieView.swift in Sources */ = {isa = PBXBuildFile; fileRef = AA7079E89F71AD07AA41DE5C /* LottieView.swift */; };
		638911C303CC4E4AD72D7A54 /* ProfileComponents.swift in Sources */ = {isa = PBXBuildFile; fileRef = 9C19997891CE5D8526D8BCE0 /* ProfileComponents.swift */; };
		67916E8CEEAAD7A25708A9C5 /* SocialAuthManager.swift in Sources */ = {isa = PBXBuildFile; fileRef = D1AE67C23617816B65B2E277 /* SocialAuthManager.swift */; };
		68973CA990D24A3178BEA821 /* SitterHomeView.swift in Sources */ = {isa = PBXBuildFile; fileRef = 1D6739812DDF4937B0C80BD3 /* SitterHomeView.swift */; };
		68CCFB6A39D6BEB6F4E84E9B /* DestructiveButtonStyle.swift in Sources */ = {isa = PBXBuildFile; fileRef = E6DF23585FD14212CBD27ACA /* DestructiveButtonStyle.swift */; };
		6F4C73F343A2831995B7B86C /* PreWalkView.swift in Sources */ = {isa = PBXBuildFile; fileRef = 96BEC17FB04C7C8E992A4882 /* PreWalkView.swift */; };
		731BAF01AD9946E90579333B /* Color+Hex.swift in Sources */ = {isa = PBXBuildFile; fileRef = 8EEA80F47CC3747519F4EA74 /* Color+Hex.swift */; };
		752DA0FF6F22269C0A70C1B6 /* AppIcon.icon in Resources */ = {isa = PBXBuildFile; fileRef = EA9241F3943A9DC214D706CA /* AppIcon.icon */; };
		77C57FAC15773F92EA6367D4 /* SecondaryButtonStyle.swift in Sources */ = {isa = PBXBuildFile; fileRef = 38536A51EBFAE0CAC8E3928B /* SecondaryButtonStyle.swift */; };
		7DF12BF59F6A766D056886FD /* ChatReadStore.swift in Sources */ = {isa = PBXBuildFile; fileRef = 85E4035A57F18C64059A8A2C /* ChatReadStore.swift */; };
		7EA2F7A18EC8DECFD1334427 /* PostComponents.swift in Sources */ = {isa = PBXBuildFile; fileRef = E01B86ADE85C9D91A649AF37 /* PostComponents.swift */; };
		821CC5261E7DFA74A225424A /* SitterProfileView.swift in Sources */ = {isa = PBXBuildFile; fileRef = 43A15FD047A8E9601C5D3313 /* SitterProfileView.swift */; };
		826DCD792514BFA7E17EE62A /* ChatComponents.swift in Sources */ = {isa = PBXBuildFile; fileRef = 061D674D0628E92CC8F597B9 /* ChatComponents.swift */; };
		899AFE93A8AF5A396EFA0511 /* AuthErrorHandler.swift in Sources */ = {isa = PBXBuildFile; fileRef = 955C6BACAF7D42FE5F4468B9 /* AuthErrorHandler.swift */; };
		89A5FDE1F8C08BCBC315CC32 /* FirebaseAnalytics in Frameworks */ = {isa = PBXBuildFile; productRef = 1CCFF6FCA40FAA5CE29461C6 /* FirebaseAnalytics */; };
		89EF690DDC71512634F90B4E /* FirebaseAuth in Frameworks */ = {isa = PBXBuildFile; productRef = 612941E548241C26DEDAA206 /* FirebaseAuth */; };
		8B70C0100DFB52B40060CAC1 /* ImagePicker.swift in Sources */ = {isa = PBXBuildFile; fileRef = 8EBC662AFB2649666F8FCCCD /* ImagePicker.swift */; };
		8DCF8C8C8686523B85613EBC /* Lottie in Frameworks */ = {isa = PBXBuildFile; productRef = EB747355D215666D781B149C /* Lottie */; };
		9261F79BE9DFBF35AA6BDFA4 /* Badge.swift in Sources */ = {isa = PBXBuildFile; fileRef = E5DF83CA1A8CFD79A9C79B98 /* Badge.swift */; };
		9406D15EF145A791BFC52911 /* WalkActivityIntents.swift in Sources */ = {isa = PBXBuildFile; fileRef = 5FC13A7ED86DDAB60A3DBA69 /* WalkActivityIntents.swift */; };
		956EB7FCAF66E7B00F80CA71 /* ScreenBackground.swift in Sources */ = {isa = PBXBuildFile; fileRef = EDF5B83BA64CD3D5B1C3BF3A /* ScreenBackground.swift */; };
		9740F14BC145A19D00D66278 /* BrowsePostsView.swift in Sources */ = {isa = PBXBuildFile; fileRef = 61DB9BDB860F3B8C03165EC7 /* BrowsePostsView.swift */; };
		977E35589D26BE0E44B6E772 /* GoogleSignInSwift in Frameworks */ = {isa = PBXBuildFile; productRef = CD00BA1D0194C8DD6FD4B30F /* GoogleSignInSwift */; };
		990FB98D7EBC58932E62356A /* WalkActivityAttributes.swift in Sources */ = {isa = PBXBuildFile; fileRef = D652B289770430819B9CD5DA /* WalkActivityAttributes.swift */; };
		9A7B2A11A8F2F01F40DB4E3B /* CachedAsyncImage.swift in Sources */ = {isa = PBXBuildFile; fileRef = CA0A2ACD938D29DBB6A85C82 /* CachedAsyncImage.swift */; };
		9E997BF55A507CC5BE94F1FC /* SecurityKit in Frameworks */ = {isa = PBXBuildFile; productRef = C346BA0635C1E6957954F4E8 /* SecurityKit */; };
		A0BF366626E46B17AC4CD12A /* AppearancePreferences.swift in Sources */ = {isa = PBXBuildFile; fileRef = 0C331F4C03E9A0E8FE7B00BA /* AppearancePreferences.swift */; };
		A0CD29ABCDDF765047BFF982 /* MainTabView.swift in Sources */ = {isa = PBXBuildFile; fileRef = 78322BB9F2E3FC9FD5974710 /* MainTabView.swift */; };
		A2638C38774C6AC19F6D8C03 /* PaymentService.swift in Sources */ = {isa = PBXBuildFile; fileRef = DA0313CEBB65967FE4EFAC64 /* PaymentService.swift */; };
		A3DE2A96DA45B9421B6B3A9A /* LoginView.swift in Sources */ = {isa = PBXBuildFile; fileRef = 48A8661F416DDE4195C62293 /* LoginView.swift */; };
		ACAA1C02D395D8F3AC496E44 /* SectionHeader.swift in Sources */ = {isa = PBXBuildFile; fileRef = 92FAC1FE8AD0E9DAA1A9EE16 /* SectionHeader.swift */; };
		AE8E7C082B1D50A45B61C5B6 /* GoogleSignIn in Frameworks */ = {isa = PBXBuildFile; productRef = E2FA0E25B75E88405B76781F /* GoogleSignIn */; };
		B26569BAAE8298489540DB37 /* ThemePalette.swift in Sources */ = {isa = PBXBuildFile; fileRef = 348EB127DC9B9C6A6952358A /* ThemePalette.swift */; };
		B2FC92F96285F31A0EFBFF1B /* ThemedTextFieldStyle.swift in Sources */ = {isa = PBXBuildFile; fileRef = 300665E46ADC54F3C98A8779 /* ThemedTextFieldStyle.swift */; };
		B87A0EE7AE989F3AD99CDE61 /* ChatViews.swift in Sources */ = {isa = PBXBuildFile; fileRef = AA302B84A8D72480C4D9F389 /* ChatViews.swift */; };
		BDB8C133627EC5DBBCC48D07 /* WalkRecapView.swift in Sources */ = {isa = PBXBuildFile; fileRef = 4C07A85790D63982A3C3F26F /* WalkRecapView.swift */; };
		BFA1486032C1E2DA7074BBB7 /* WalkActivityWidgetBundle.swift in Sources */ = {isa = PBXBuildFile; fileRef = 484401B0BA1788E89DE77DBA /* WalkActivityWidgetBundle.swift */; };
		C0599BA8CAFDD3816438C106 /* LoadingOverlay.swift in Sources */ = {isa = PBXBuildFile; fileRef = 58FFCF1069016C58BD43B3C9 /* LoadingOverlay.swift */; };
		C0ADA3FCCDCF5712A02E9665 /* Theme+Presets.swift in Sources */ = {isa = PBXBuildFile; fileRef = 8A057FE1ACC5087DF22771E0 /* Theme+Presets.swift */; };
		C6F79753F13453323E912827 /* WalkActivityLiveActivity.swift in Sources */ = {isa = PBXBuildFile; fileRef = 7D44CB10C0DF9689F35D9D55 /* WalkActivityLiveActivity.swift */; };
		CC4D2F41E794CF255212014E /* AuthHelpers.swift in Sources */ = {isa = PBXBuildFile; fileRef = C80A35CA0BE5B9CA8D5176B7 /* AuthHelpers.swift */; };
		CE552262A4E05E4172B543EC /* ContentView.swift in Sources */ = {isa = PBXBuildFile; fileRef = B959599B0857204147C52F98 /* ContentView.swift */; };
		D550D70E310C957352C4CF4E /* PaymentModels.swift in Sources */ = {isa = PBXBuildFile; fileRef = E66B585581CE616D53D0968B /* PaymentModels.swift */; };
		E10455F18F26A1D6895AD89D /* SocialRoleSelectionView.swift in Sources */ = {isa = PBXBuildFile; fileRef = 1C8219BB1F237B61F50E86C5 /* SocialRoleSelectionView.swift */; };
		E712683834B0593E56C55034 /* FirebaseFirestore in Frameworks */ = {isa = PBXBuildFile; productRef = DAB3DBCB3F67FDB09B5FD2F1 /* FirebaseFirestore */; };
		E97D3EEDC11D1D183576ABE9 /* EdgeSwipeBack.swift in Sources */ = {isa = PBXBuildFile; fileRef = 8F11EB8ED116EDCEA4AD6707 /* EdgeSwipeBack.swift */; };
		EB5AD097FD9DDBC41F5696E0 /* PrimaryButtonStyle.swift in Sources */ = {isa = PBXBuildFile; fileRef = 2F44B4749D81EEA75514D6EE /* PrimaryButtonStyle.swift */; };
		F003C257171DE8AAB3FFC368 /* EmptyStateView.swift in Sources */ = {isa = PBXBuildFile; fileRef = 6BA09DC4142D6B640BB78EE4 /* EmptyStateView.swift */; };
		FA87F396EEEC46BEFE8E93D3 /* LocationTracker.swift in Sources */ = {isa = PBXBuildFile; fileRef = DA857488A259617B49500620 /* LocationTracker.swift */; };
		FCCF554D78708ADCCCE1047B /* PaymentMethodsView.swift in Sources */ = {isa = PBXBuildFile; fileRef = ED5001E4307C051A7E5519DB /* PaymentMethodsView.swift */; };
		FEE46E28FA7CC59003ED1BF0 /* MapContainerView.swift in Sources */ = {isa = PBXBuildFile; fileRef = 390A9ED34CB48BCA1A47AFB9 /* MapContainerView.swift */; };
/* End PBXBuildFile section */

/* Begin PBXContainerItemProxy section */
		EC602EDD3F730B5D9BCC52CE /* PBXContainerItemProxy */ = {
			isa = PBXContainerItemProxy;
			containerPortal = 40C0CE5940849624A2BDAF20 /* Project object */;
			proxyType = 1;
			remoteGlobalIDString = 0BCACF1911C0553A7D64D2E7;
			remoteInfo = WalkActivityWidget;
		};
/* End PBXContainerItemProxy section */

/* Begin PBXCopyFilesBuildPhase section */
		6617318C0041C77841E7146A /* Embed Foundation Extensions */ = {
			isa = PBXCopyFilesBuildPhase;
			buildActionMask = 2147483647;
			dstPath = "";
			dstSubfolderSpec = 13;
			files = (
				46F12CDE1428358F519D3675 /* WalkActivityWidget.appex in Embed Foundation Extensions */,
			);
			name = "Embed Foundation Extensions";
			runOnlyForDeploymentPostprocessing = 0;
		};
/* End PBXCopyFilesBuildPhase section */

/* Begin PBXFileReference section */
		00B35865A6F5DE261821719A /* DogSitterApp.swift */ = {isa = PBXFileReference; lastKnownFileType = sourcecode.swift; path = DogSitterApp.swift; sourceTree = "<group>"; };
		0108336D1E91947DFA5C807A /* PaymentHistoryView.swift */ = {isa = PBXFileReference; lastKnownFileType = sourcecode.swift; path = PaymentHistoryView.swift; sourceTree = "<group>"; };
		05439FF61825F3C0AAD27BD9 /* SecurityKit */ = {isa = PBXFileReference; lastKnownFileType = folder; name = SecurityKit; path = SecurityKit; sourceTree = SOURCE_ROOT; };
		061D674D0628E92CC8F597B9 /* ChatComponents.swift */ = {isa = PBXFileReference; lastKnownFileType = sourcecode.swift; path = ChatComponents.swift; sourceTree = "<group>"; };
		0897B76478E5FE981589E1E4 /* SignUpView.swift */ = {isa = PBXFileReference; lastKnownFileType = sourcecode.swift; path = SignUpView.swift; sourceTree = "<group>"; };
		0C331F4C03E9A0E8FE7B00BA /* AppearancePreferences.swift */ = {isa = PBXFileReference; lastKnownFileType = sourcecode.swift; path = AppearancePreferences.swift; sourceTree = "<group>"; };
		1C8219BB1F237B61F50E86C5 /* SocialRoleSelectionView.swift */ = {isa = PBXFileReference; lastKnownFileType = sourcecode.swift; path = SocialRoleSelectionView.swift; sourceTree = "<group>"; };
		1D6739812DDF4937B0C80BD3 /* SitterHomeView.swift */ = {isa = PBXFileReference; lastKnownFileType = sourcecode.swift; path = SitterHomeView.swift; sourceTree = "<group>"; };
		2B81A7EC50570E1A338A5F5B /* Radius.swift */ = {isa = PBXFileReference; lastKnownFileType = sourcecode.swift; path = Radius.swift; sourceTree = "<group>"; };
		2CC5DC54778C5623F24B24DF /* DogSitter.app */ = {isa = PBXFileReference; includeInIndex = 0; lastKnownFileType = wrapper.application; path = DogSitter.app; sourceTree = BUILT_PRODUCTS_DIR; };
		2F44B4749D81EEA75514D6EE /* PrimaryButtonStyle.swift */ = {isa = PBXFileReference; lastKnownFileType = sourcecode.swift; path = PrimaryButtonStyle.swift; sourceTree = "<group>"; };
		300665E46ADC54F3C98A8779 /* ThemedTextFieldStyle.swift */ = {isa = PBXFileReference; lastKnownFileType = sourcecode.swift; path = ThemedTextFieldStyle.swift; sourceTree = "<group>"; };
		348EB127DC9B9C6A6952358A /* ThemePalette.swift */ = {isa = PBXFileReference; lastKnownFileType = sourcecode.swift; path = ThemePalette.swift; sourceTree = "<group>"; };
		38536A51EBFAE0CAC8E3928B /* SecondaryButtonStyle.swift */ = {isa = PBXFileReference; lastKnownFileType = sourcecode.swift; path = SecondaryButtonStyle.swift; sourceTree = "<group>"; };
		3879D6C1E6B584E7A8F86A78 /* CardModifier.swift */ = {isa = PBXFileReference; lastKnownFileType = sourcecode.swift; path = CardModifier.swift; sourceTree = "<group>"; };
		390A9ED34CB48BCA1A47AFB9 /* MapContainerView.swift */ = {isa = PBXFileReference; lastKnownFileType = sourcecode.swift; path = MapContainerView.swift; sourceTree = "<group>"; };
		399456D5AC5F8B0594AE715F /* GoogleService-Info.plist */ = {isa = PBXFileReference; lastKnownFileType = text.plist; path = "GoogleService-Info.plist"; sourceTree = "<group>"; };
		3B07AD794C7E8CC951582621 /* EditPostView.swift */ = {isa = PBXFileReference; lastKnownFileType = sourcecode.swift; path = EditPostView.swift; sourceTree = "<group>"; };
		43A15FD047A8E9601C5D3313 /* SitterProfileView.swift */ = {isa = PBXFileReference; lastKnownFileType = sourcecode.swift; path = SitterProfileView.swift; sourceTree = "<group>"; };
		484401B0BA1788E89DE77DBA /* WalkActivityWidgetBundle.swift */ = {isa = PBXFileReference; lastKnownFileType = sourcecode.swift; path = WalkActivityWidgetBundle.swift; sourceTree = "<group>"; };
		48A8661F416DDE4195C62293 /* LoginView.swift */ = {isa = PBXFileReference; lastKnownFileType = sourcecode.swift; path = LoginView.swift; sourceTree = "<group>"; };
		4A0C96AD402DE51DC12122C5 /* Theme.swift */ = {isa = PBXFileReference; lastKnownFileType = sourcecode.swift; path = Theme.swift; sourceTree = "<group>"; };
		4B77BA9A80D61073AAB0DE28 /* Date+ChatTime.swift */ = {isa = PBXFileReference; lastKnownFileType = sourcecode.swift; path = "Date+ChatTime.swift"; sourceTree = "<group>"; };
		4C07A85790D63982A3C3F26F /* WalkRecapView.swift */ = {isa = PBXFileReference; lastKnownFileType = sourcecode.swift; path = WalkRecapView.swift; sourceTree = "<group>"; };
		52994C84A4F1D49EF94DA25B /* Spacing.swift */ = {isa = PBXFileReference; lastKnownFileType = sourcecode.swift; path = Spacing.swift; sourceTree = "<group>"; };
		58FFCF1069016C58BD43B3C9 /* LoadingOverlay.swift */ = {isa = PBXFileReference; lastKnownFileType = sourcecode.swift; path = LoadingOverlay.swift; sourceTree = "<group>"; };
		5FC13A7ED86DDAB60A3DBA69 /* WalkActivityIntents.swift */ = {isa = PBXFileReference; lastKnownFileType = sourcecode.swift; path = WalkActivityIntents.swift; sourceTree = "<group>"; };
		61DB9BDB860F3B8C03165EC7 /* BrowsePostsView.swift */ = {isa = PBXFileReference; lastKnownFileType = sourcecode.swift; path = BrowsePostsView.swift; sourceTree = "<group>"; };
		6BA09DC4142D6B640BB78EE4 /* EmptyStateView.swift */ = {isa = PBXFileReference; lastKnownFileType = sourcecode.swift; path = EmptyStateView.swift; sourceTree = "<group>"; };
		6EA572310A954988DC2E59C6 /* CloudinaryHelper.swift */ = {isa = PBXFileReference; lastKnownFileType = sourcecode.swift; path = CloudinaryHelper.swift; sourceTree = "<group>"; };
		7457A1471EFA575685D38319 /* WalkActivityWidget.appex */ = {isa = PBXFileReference; includeInIndex = 0; lastKnownFileType = "wrapper.app-extension"; path = WalkActivityWidget.appex; sourceTree = BUILT_PRODUCTS_DIR; };
		78322BB9F2E3FC9FD5974710 /* MainTabView.swift */ = {isa = PBXFileReference; lastKnownFileType = sourcecode.swift; path = MainTabView.swift; sourceTree = "<group>"; };
		79347EF833C5D5112A52685E /* Elevation.swift */ = {isa = PBXFileReference; lastKnownFileType = sourcecode.swift; path = Elevation.swift; sourceTree = "<group>"; };
		7D44CB10C0DF9689F35D9D55 /* WalkActivityLiveActivity.swift */ = {isa = PBXFileReference; lastKnownFileType = sourcecode.swift; path = WalkActivityLiveActivity.swift; sourceTree = "<group>"; };
		85E4035A57F18C64059A8A2C /* ChatReadStore.swift */ = {isa = PBXFileReference; lastKnownFileType = sourcecode.swift; path = ChatReadStore.swift; sourceTree = "<group>"; };
		8697E144AEA2D70846C9C6F9 /* AppState.swift */ = {isa = PBXFileReference; lastKnownFileType = sourcecode.swift; path = AppState.swift; sourceTree = "<group>"; };
		8A057FE1ACC5087DF22771E0 /* Theme+Presets.swift */ = {isa = PBXFileReference; lastKnownFileType = sourcecode.swift; path = "Theme+Presets.swift"; sourceTree = "<group>"; };
		8EBC662AFB2649666F8FCCCD /* ImagePicker.swift */ = {isa = PBXFileReference; lastKnownFileType = sourcecode.swift; path = ImagePicker.swift; sourceTree = "<group>"; };
		8EEA80F47CC3747519F4EA74 /* Color+Hex.swift */ = {isa = PBXFileReference; lastKnownFileType = sourcecode.swift; path = "Color+Hex.swift"; sourceTree = "<group>"; };
		8F11EB8ED116EDCEA4AD6707 /* EdgeSwipeBack.swift */ = {isa = PBXFileReference; lastKnownFileType = sourcecode.swift; path = EdgeSwipeBack.swift; sourceTree = "<group>"; };
		92FAC1FE8AD0E9DAA1A9EE16 /* SectionHeader.swift */ = {isa = PBXFileReference; lastKnownFileType = sourcecode.swift; path = SectionHeader.swift; sourceTree = "<group>"; };
		955C6BACAF7D42FE5F4468B9 /* AuthErrorHandler.swift */ = {isa = PBXFileReference; lastKnownFileType = sourcecode.swift; path = AuthErrorHandler.swift; sourceTree = "<group>"; };
		96BEC17FB04C7C8E992A4882 /* PreWalkView.swift */ = {isa = PBXFileReference; lastKnownFileType = sourcecode.swift; path = PreWalkView.swift; sourceTree = "<group>"; };
		9C19997891CE5D8526D8BCE0 /* ProfileComponents.swift */ = {isa = PBXFileReference; lastKnownFileType = sourcecode.swift; path = ProfileComponents.swift; sourceTree = "<group>"; };
		9E18DB6BFD88A81846FA0A2C /* AddressAutocompleteView.swift */ = {isa = PBXFileReference; lastKnownFileType = sourcecode.swift; path = AddressAutocompleteView.swift; sourceTree = "<group>"; };
		A3695B4344339980C1ED5ED6 /* CreatePostView.swift */ = {isa = PBXFileReference; lastKnownFileType = sourcecode.swift; path = CreatePostView.swift; sourceTree = "<group>"; };
		AA302B84A8D72480C4D9F389 /* ChatViews.swift */ = {isa = PBXFileReference; lastKnownFileType = sourcecode.swift; path = ChatViews.swift; sourceTree = "<group>"; };
		AA7079E89F71AD07AA41DE5C /* LottieView.swift */ = {isa = PBXFileReference; lastKnownFileType = sourcecode.swift; path = LottieView.swift; sourceTree = "<group>"; };
		B0CE113F642431B82F82F801 /* AddressSearchService.swift */ = {isa = PBXFileReference; lastKnownFileType = sourcecode.swift; path = AddressSearchService.swift; sourceTree = "<group>"; };
		B19A6D2EB5951E6A7E3DCB12 /* ThemeEnvironment.swift */ = {isa = PBXFileReference; lastKnownFileType = sourcecode.swift; path = ThemeEnvironment.swift; sourceTree = "<group>"; };
		B3EDF7019643739E489244FC /* Info.plist */ = {isa = PBXFileReference; lastKnownFileType = text.plist; path = Info.plist; sourceTree = "<group>"; };
		B70CF6745F15A1AC7E863C7F /* RouteSnapshotter.swift */ = {isa = PBXFileReference; lastKnownFileType = sourcecode.swift; path = RouteSnapshotter.swift; sourceTree = "<group>"; };
		B959599B0857204147C52F98 /* ContentView.swift */ = {isa = PBXFileReference; lastKnownFileType = sourcecode.swift; path = ContentView.swift; sourceTree = "<group>"; };
		C33ADE18E53FB3290E8FC041 /* WalkFullView.swift */ = {isa = PBXFileReference; lastKnownFileType = sourcecode.swift; path = WalkFullView.swift; sourceTree = "<group>"; };
		C4C752B72E4AD922787ECD20 /* OwnerViews.swift */ = {isa = PBXFileReference; lastKnownFileType = sourcecode.swift; path = OwnerViews.swift; sourceTree = "<group>"; };
		C6C1B934E3C4238E0A55324A /* NotificationManager.swift */ = {isa = PBXFileReference; lastKnownFileType = sourcecode.swift; path = NotificationManager.swift; sourceTree = "<group>"; };
		C80A35CA0BE5B9CA8D5176B7 /* AuthHelpers.swift */ = {isa = PBXFileReference; lastKnownFileType = sourcecode.swift; path = AuthHelpers.swift; sourceTree = "<group>"; };
		C86D88685650E580DE88B304 /* FirebaseModels.swift */ = {isa = PBXFileReference; lastKnownFileType = sourcecode.swift; path = FirebaseModels.swift; sourceTree = "<group>"; };
		CA0A2ACD938D29DBB6A85C82 /* CachedAsyncImage.swift */ = {isa = PBXFileReference; lastKnownFileType = sourcecode.swift; path = CachedAsyncImage.swift; sourceTree = "<group>"; };
		CCABDB3E964AE0A3A8925071 /* PostDetailView.swift */ = {isa = PBXFileReference; lastKnownFileType = sourcecode.swift; path = PostDetailView.swift; sourceTree = "<group>"; };
		D1AE67C23617816B65B2E277 /* SocialAuthManager.swift */ = {isa = PBXFileReference; lastKnownFileType = sourcecode.swift; path = SocialAuthManager.swift; sourceTree = "<group>"; };
		D652B289770430819B9CD5DA /* WalkActivityAttributes.swift */ = {isa = PBXFileReference; lastKnownFileType = sourcecode.swift; path = WalkActivityAttributes.swift; sourceTree = "<group>"; };
		D6A93BD2B4DCB4D2FED3E806 /* ProfileAvatar.swift */ = {isa = PBXFileReference; lastKnownFileType = sourcecode.swift; path = ProfileAvatar.swift; sourceTree = "<group>"; };
		D76E44A2F430428833EC1B3C /* Typography.swift */ = {isa = PBXFileReference; lastKnownFileType = sourcecode.swift; path = Typography.swift; sourceTree = "<group>"; };
		DA0313CEBB65967FE4EFAC64 /* PaymentService.swift */ = {isa = PBXFileReference; lastKnownFileType = sourcecode.swift; path = PaymentService.swift; sourceTree = "<group>"; };
		DA857488A259617B49500620 /* LocationTracker.swift */ = {isa = PBXFileReference; lastKnownFileType = sourcecode.swift; path = LocationTracker.swift; sourceTree = "<group>"; };
		E01B86ADE85C9D91A649AF37 /* PostComponents.swift */ = {isa = PBXFileReference; lastKnownFileType = sourcecode.swift; path = PostComponents.swift; sourceTree = "<group>"; };
		E104891364332B27CD9DAE2A /* Info.plist */ = {isa = PBXFileReference; lastKnownFileType = text.plist; path = Info.plist; sourceTree = "<group>"; };
		E498500C7C8981156C5F14A0 /* ThemePickerView.swift */ = {isa = PBXFileReference; lastKnownFileType = sourcecode.swift; path = ThemePickerView.swift; sourceTree = "<group>"; };
		E5A55946CCAABF5720B4EB95 /* icon.json */ = {isa = PBXFileReference; lastKnownFileType = text.json; path = icon.json; sourceTree = "<group>"; };
		E5DF83CA1A8CFD79A9C79B98 /* Badge.swift */ = {isa = PBXFileReference; lastKnownFileType = sourcecode.swift; path = Badge.swift; sourceTree = "<group>"; };
		E66B585581CE616D53D0968B /* PaymentModels.swift */ = {isa = PBXFileReference; lastKnownFileType = sourcecode.swift; path = PaymentModels.swift; sourceTree = "<group>"; };
		E6DF23585FD14212CBD27ACA /* DestructiveButtonStyle.swift */ = {isa = PBXFileReference; lastKnownFileType = sourcecode.swift; path = DestructiveButtonStyle.swift; sourceTree = "<group>"; };
		EA9241F3943A9DC214D706CA /* AppIcon.icon */ = {isa = PBXFileReference; path = AppIcon.icon; sourceTree = "<group>"; };
		EA94710D0A30EB6B2E357946 /* WalkLiveActivityManager.swift */ = {isa = PBXFileReference; lastKnownFileType = sourcecode.swift; path = WalkLiveActivityManager.swift; sourceTree = "<group>"; };
		ED5001E4307C051A7E5519DB /* PaymentMethodsView.swift */ = {isa = PBXFileReference; lastKnownFileType = sourcecode.swift; path = PaymentMethodsView.swift; sourceTree = "<group>"; };
		EDF5B83BA64CD3D5B1C3BF3A /* ScreenBackground.swift */ = {isa = PBXFileReference; lastKnownFileType = sourcecode.swift; path = ScreenBackground.swift; sourceTree = "<group>"; };
/* End PBXFileReference section */

/* Begin PBXFrameworksBuildPhase section */
		1223ACAF78692E6E3AAFD314 /* Frameworks */ = {
			isa = PBXFrameworksBuildPhase;
			buildActionMask = 2147483647;
			files = (
				89A5FDE1F8C08BCBC315CC32 /* FirebaseAnalytics in Frameworks */,
				89EF690DDC71512634F90B4E /* FirebaseAuth in Frameworks */,
				E712683834B0593E56C55034 /* FirebaseFirestore in Frameworks */,
				AE8E7C082B1D50A45B61C5B6 /* GoogleSignIn in Frameworks */,
				977E35589D26BE0E44B6E772 /* GoogleSignInSwift in Frameworks */,
				8DCF8C8C8686523B85613EBC /* Lottie in Frameworks */,
				9E997BF55A507CC5BE94F1FC /* SecurityKit in Frameworks */,
			);
			runOnlyForDeploymentPostprocessing = 0;
		};
/* End PBXFrameworksBuildPhase section */

/* Begin PBXGroup section */
		09FCED14B5556F4871A8B7B6 /* Components */ = {
			isa = PBXGroup;
			children = (
				E5DF83CA1A8CFD79A9C79B98 /* Badge.swift */,
				CA0A2ACD938D29DBB6A85C82 /* CachedAsyncImage.swift */,
				6BA09DC4142D6B640BB78EE4 /* EmptyStateView.swift */,
				58FFCF1069016C58BD43B3C9 /* LoadingOverlay.swift */,
				D6A93BD2B4DCB4D2FED3E806 /* ProfileAvatar.swift */,
				E498500C7C8981156C5F14A0 /* ThemePickerView.swift */,
			);
			path = Components;
			sourceTree = "<group>";
		};
		1439337F8FFEC2612B6BCF4C /* Styles */ = {
			isa = PBXGroup;
			children = (
				E6DF23585FD14212CBD27ACA /* DestructiveButtonStyle.swift */,
				2F44B4749D81EEA75514D6EE /* PrimaryButtonStyle.swift */,
				38536A51EBFAE0CAC8E3928B /* SecondaryButtonStyle.swift */,
			);
			path = Styles;
			sourceTree = "<group>";
		};
		21BB3AA223DCFE33279A2C1E /* DesignSystem */ = {
			isa = PBXGroup;
			children = (
				4A0C96AD402DE51DC12122C5 /* Theme.swift */,
				B19A6D2EB5951E6A7E3DCB12 /* ThemeEnvironment.swift */,
				09FCED14B5556F4871A8B7B6 /* Components */,
				75EAF4F946AB89D1E638116C /* Foundations */,
				2600FCD773218C77F6D9783C /* Modifiers */,
				1439337F8FFEC2612B6BCF4C /* Styles */,
				E19D7FD45FA0064DE12AA08B /* Themes */,
			);
			path = DesignSystem;
			sourceTree = "<group>";
		};
		2600FCD773218C77F6D9783C /* Modifiers */ = {
			isa = PBXGroup;
			children = (
				3879D6C1E6B584E7A8F86A78 /* CardModifier.swift */,
				EDF5B83BA64CD3D5B1C3BF3A /* ScreenBackground.swift */,
				92FAC1FE8AD0E9DAA1A9EE16 /* SectionHeader.swift */,
				300665E46ADC54F3C98A8779 /* ThemedTextFieldStyle.swift */,
			);
			path = Modifiers;
			sourceTree = "<group>";
		};
		32B53D0D76ADBF60518570E4 /* App */ = {
			isa = PBXGroup;
			children = (
				8697E144AEA2D70846C9C6F9 /* AppState.swift */,
				955C6BACAF7D42FE5F4468B9 /* AuthErrorHandler.swift */,
				85E4035A57F18C64059A8A2C /* ChatReadStore.swift */,
				6EA572310A954988DC2E59C6 /* CloudinaryHelper.swift */,
				00B35865A6F5DE261821719A /* DogSitterApp.swift */,
				D1AE67C23617816B65B2E277 /* SocialAuthManager.swift */,
			);
			path = App;
			sourceTree = "<group>";
		};
		3E91EC692C93B17763088C59 /* Products */ = {
			isa = PBXGroup;
			children = (
				2CC5DC54778C5623F24B24DF /* DogSitter.app */,
				7457A1471EFA575685D38319 /* WalkActivityWidget.appex */,
			);
			name = Products;
			sourceTree = "<group>";
		};
		6A087909BCC90F60906E1282 /* Services */ = {
			isa = PBXGroup;
			children = (
				B0CE113F642431B82F82F801 /* AddressSearchService.swift */,
				C80A35CA0BE5B9CA8D5176B7 /* AuthHelpers.swift */,
				DA857488A259617B49500620 /* LocationTracker.swift */,
				C6C1B934E3C4238E0A55324A /* NotificationManager.swift */,
				DA0313CEBB65967FE4EFAC64 /* PaymentService.swift */,
				B70CF6745F15A1AC7E863C7F /* RouteSnapshotter.swift */,
				EA94710D0A30EB6B2E357946 /* WalkLiveActivityManager.swift */,
			);
			path = Services;
			sourceTree = "<group>";
		};
		75EAF4F946AB89D1E638116C /* Foundations */ = {
			isa = PBXGroup;
			children = (
				8EEA80F47CC3747519F4EA74 /* Color+Hex.swift */,
				4B77BA9A80D61073AAB0DE28 /* Date+ChatTime.swift */,
				79347EF833C5D5112A52685E /* Elevation.swift */,
				2B81A7EC50570E1A338A5F5B /* Radius.swift */,
				52994C84A4F1D49EF94DA25B /* Spacing.swift */,
				D76E44A2F430428833EC1B3C /* Typography.swift */,
			);
			path = Foundations;
			sourceTree = "<group>";
		};
		82CB773521DC99D33C03A11F /* Shared */ = {
			isa = PBXGroup;
			children = (
				D652B289770430819B9CD5DA /* WalkActivityAttributes.swift */,
				5FC13A7ED86DDAB60A3DBA69 /* WalkActivityIntents.swift */,
			);
			path = Shared;
			sourceTree = "<group>";
		};
		884995FDFB4D69EABD83D650 /* Packages */ = {
			isa = PBXGroup;
			children = (
				05439FF61825F3C0AAD27BD9 /* SecurityKit */,
			);
			name = Packages;
			sourceTree = "<group>";
		};
		8F17AF450DA9CFD58CF79F34 /* WalkActivityWidget */ = {
			isa = PBXGroup;
			children = (
				E104891364332B27CD9DAE2A /* Info.plist */,
				7D44CB10C0DF9689F35D9D55 /* WalkActivityLiveActivity.swift */,
				484401B0BA1788E89DE77DBA /* WalkActivityWidgetBundle.swift */,
			);
			name = WalkActivityWidget;
			path = Sources/WalkActivityWidget;
			sourceTree = "<group>";
		};
		8F1F6D1CD23D73CD779DDFA0 = {
			isa = PBXGroup;
			children = (
				EA9241F3943A9DC214D706CA /* AppIcon.icon */,
				884995FDFB4D69EABD83D650 /* Packages */,
				96865C9F17F2FA92573FCFCC /* Sources */,
				8F17AF450DA9CFD58CF79F34 /* WalkActivityWidget */,
				3E91EC692C93B17763088C59 /* Products */,
			);
			sourceTree = "<group>";
		};
		96865C9F17F2FA92573FCFCC /* Sources */ = {
			isa = PBXGroup;
			children = (
				399456D5AC5F8B0594AE715F /* GoogleService-Info.plist */,
				B3EDF7019643739E489244FC /* Info.plist */,
				32B53D0D76ADBF60518570E4 /* App */,
				21BB3AA223DCFE33279A2C1E /* DesignSystem */,
				F17DA9C143C443610897A181 /* Models */,
				6A087909BCC90F60906E1282 /* Services */,
				82CB773521DC99D33C03A11F /* Shared */,
				F67F9B2BD0EF6BD58D2FC6C8 /* Views */,
			);
			path = Sources;
			sourceTree = "<group>";
		};
		E19D7FD45FA0064DE12AA08B /* Themes */ = {
			isa = PBXGroup;
			children = (
				0C331F4C03E9A0E8FE7B00BA /* AppearancePreferences.swift */,
				8A057FE1ACC5087DF22771E0 /* Theme+Presets.swift */,
				348EB127DC9B9C6A6952358A /* ThemePalette.swift */,
			);
			path = Themes;
			sourceTree = "<group>";
		};
		F17DA9C143C443610897A181 /* Models */ = {
			isa = PBXGroup;
			children = (
				C86D88685650E580DE88B304 /* FirebaseModels.swift */,
				E66B585581CE616D53D0968B /* PaymentModels.swift */,
			);
			path = Models;
			sourceTree = "<group>";
		};
		F67F9B2BD0EF6BD58D2FC6C8 /* Views */ = {
			isa = PBXGroup;
			children = (
				9E18DB6BFD88A81846FA0A2C /* AddressAutocompleteView.swift */,
				61DB9BDB860F3B8C03165EC7 /* BrowsePostsView.swift */,
				061D674D0628E92CC8F597B9 /* ChatComponents.swift */,
				AA302B84A8D72480C4D9F389 /* ChatViews.swift */,
				B959599B0857204147C52F98 /* ContentView.swift */,
				A3695B4344339980C1ED5ED6 /* CreatePostView.swift */,
				8F11EB8ED116EDCEA4AD6707 /* EdgeSwipeBack.swift */,
				3B07AD794C7E8CC951582621 /* EditPostView.swift */,
				E5A55946CCAABF5720B4EB95 /* icon.json */,
				8EBC662AFB2649666F8FCCCD /* ImagePicker.swift */,
				48A8661F416DDE4195C62293 /* LoginView.swift */,
				AA7079E89F71AD07AA41DE5C /* LottieView.swift */,
				78322BB9F2E3FC9FD5974710 /* MainTabView.swift */,
				390A9ED34CB48BCA1A47AFB9 /* MapContainerView.swift */,
				C4C752B72E4AD922787ECD20 /* OwnerViews.swift */,
				0108336D1E91947DFA5C807A /* PaymentHistoryView.swift */,
				ED5001E4307C051A7E5519DB /* PaymentMethodsView.swift */,
				E01B86ADE85C9D91A649AF37 /* PostComponents.swift */,
				CCABDB3E964AE0A3A8925071 /* PostDetailView.swift */,
				96BEC17FB04C7C8E992A4882 /* PreWalkView.swift */,
				9C19997891CE5D8526D8BCE0 /* ProfileComponents.swift */,
				0897B76478E5FE981589E1E4 /* SignUpView.swift */,
				1D6739812DDF4937B0C80BD3 /* SitterHomeView.swift */,
				43A15FD047A8E9601C5D3313 /* SitterProfileView.swift */,
				1C8219BB1F237B61F50E86C5 /* SocialRoleSelectionView.swift */,
				C33ADE18E53FB3290E8FC041 /* WalkFullView.swift */,
				4C07A85790D63982A3C3F26F /* WalkRecapView.swift */,
			);
			path = Views;
			sourceTree = "<group>";
		};
/* End PBXGroup section */

/* Begin PBXNativeTarget section */
		0BCACF1911C0553A7D64D2E7 /* WalkActivityWidget */ = {
			isa = PBXNativeTarget;
			buildConfigurationList = 3EEB50EC9AD96F30A66D6F5A /* Build configuration list for PBXNativeTarget "WalkActivityWidget" */;
			buildPhases = (
				5D8F0C240D68144A6D617292 /* Sources */,
			);
			buildRules = (
			);
			dependencies = (
			);
			name = WalkActivityWidget;
			productName = WalkActivityWidget;
			productReference = 7457A1471EFA575685D38319 /* WalkActivityWidget.appex */;
			productType = "com.apple.product-type.app-extension";
		};
		27D6723CE30BBF958D345799 /* DogSitter */ = {
			isa = PBXNativeTarget;
			buildConfigurationList = 11D57EF6698BA485C54D1920 /* Build configuration list for PBXNativeTarget "DogSitter" */;
			buildPhases = (
				694093C044D5BC72B193AB86 /* Sources */,
				1D09C216F36D9C97BC738532 /* Resources */,
				1223ACAF78692E6E3AAFD314 /* Frameworks */,
				6617318C0041C77841E7146A /* Embed Foundation Extensions */,
			);
			buildRules = (
			);
			dependencies = (
				7ADE1749EEEFC9567743A746 /* PBXTargetDependency */,
			);
			name = DogSitter;
			packageProductDependencies = (
				1CCFF6FCA40FAA5CE29461C6 /* FirebaseAnalytics */,
				612941E548241C26DEDAA206 /* FirebaseAuth */,
				DAB3DBCB3F67FDB09B5FD2F1 /* FirebaseFirestore */,
				E2FA0E25B75E88405B76781F /* GoogleSignIn */,
				CD00BA1D0194C8DD6FD4B30F /* GoogleSignInSwift */,
				EB747355D215666D781B149C /* Lottie */,
				C346BA0635C1E6957954F4E8 /* SecurityKit */,
			);
			productName = DogSitter;
			productReference = 2CC5DC54778C5623F24B24DF /* DogSitter.app */;
			productType = "com.apple.product-type.application";
		};
/* End PBXNativeTarget section */

/* Begin PBXProject section */
		40C0CE5940849624A2BDAF20 /* Project object */ = {
			isa = PBXProject;
			attributes = {
				BuildIndependentTargetsInParallel = YES;
				LastUpgradeCheck = 1430;
				TargetAttributes = {
					0BCACF1911C0553A7D64D2E7 = {
						DevelopmentTeam = V9M686F4S3;
					};
					27D6723CE30BBF958D345799 = {
						DevelopmentTeam = V9M686F4S3;
					};
				};
			};
			buildConfigurationList = DE4B870A1D80E8E67711E1DD /* Build configuration list for PBXProject "DogSitter" */;
			compatibilityVersion = "Xcode 14.0";
			developmentRegion = en;
			hasScannedForEncodings = 0;
			knownRegions = (
				Base,
				en,
			);
			mainGroup = 8F1F6D1CD23D73CD779DDFA0;
			packageReferences = (
				B77D7E6474682F7EE9ADF14E /* XCRemoteSwiftPackageReference "firebase-ios-sdk" */,
				9E48349BCA75233514C842D7 /* XCRemoteSwiftPackageReference "GoogleSignIn-iOS" */,
				919B307F16ADB29310FBF1F8 /* XCRemoteSwiftPackageReference "lottie-spm" */,
				58EA9FAEB1A0E8D76BBF058C /* XCLocalSwiftPackageReference "SecurityKit" */,
			);
			projectDirPath = "";
			projectRoot = "";
			targets = (
				27D6723CE30BBF958D345799 /* DogSitter */,
				0BCACF1911C0553A7D64D2E7 /* WalkActivityWidget */,
			);
		};
/* End PBXProject section */

/* Begin PBXResourcesBuildPhase section */
		1D09C216F36D9C97BC738532 /* Resources */ = {
			isa = PBXResourcesBuildPhase;
			buildActionMask = 2147483647;
			files = (
				752DA0FF6F22269C0A70C1B6 /* AppIcon.icon in Resources */,
				47382124E463F45B3F9880B6 /* GoogleService-Info.plist in Resources */,
				4E7C8102111C3D0FD9C49748 /* icon.json in Resources */,
			);
			runOnlyForDeploymentPostprocessing = 0;
		};
/* End PBXResourcesBuildPhase section */

/* Begin PBXSourcesBuildPhase section */
		5D8F0C240D68144A6D617292 /* Sources */ = {
			isa = PBXSourcesBuildPhase;
			buildActionMask = 2147483647;
			files = (
				4703B6B850D38AF9201C095C /* WalkActivityAttributes.swift in Sources */,
				11B5C693095C6811C926EBF5 /* WalkActivityIntents.swift in Sources */,
				C6F79753F13453323E912827 /* WalkActivityLiveActivity.swift in Sources */,
				BFA1486032C1E2DA7074BBB7 /* WalkActivityWidgetBundle.swift in Sources */,
			);
			runOnlyForDeploymentPostprocessing = 0;
		};
		694093C044D5BC72B193AB86 /* Sources */ = {
			isa = PBXSourcesBuildPhase;
			buildActionMask = 2147483647;
			files = (
				3476778EF5352D1F0A3464C4 /* AddressAutocompleteView.swift in Sources */,
				32F84FEEDBEBF64FA160A8E1 /* AddressSearchService.swift in Sources */,
				5B3055A66965F3DB5E324BCA /* AppState.swift in Sources */,
				A0BF366626E46B17AC4CD12A /* AppearancePreferences.swift in Sources */,
				899AFE93A8AF5A396EFA0511 /* AuthErrorHandler.swift in Sources */,
				CC4D2F41E794CF255212014E /* AuthHelpers.swift in Sources */,
				9261F79BE9DFBF35AA6BDFA4 /* Badge.swift in Sources */,
				9740F14BC145A19D00D66278 /* BrowsePostsView.swift in Sources */,
				9A7B2A11A8F2F01F40DB4E3B /* CachedAsyncImage.swift in Sources */,
				0F5219BDB5110020352E1FFE /* CardModifier.swift in Sources */,
				826DCD792514BFA7E17EE62A /* ChatComponents.swift in Sources */,
				7DF12BF59F6A766D056886FD /* ChatReadStore.swift in Sources */,
				B87A0EE7AE989F3AD99CDE61 /* ChatViews.swift in Sources */,
				1B8A91A93E2D061EC7B6740E /* CloudinaryHelper.swift in Sources */,
				731BAF01AD9946E90579333B /* Color+Hex.swift in Sources */,
				CE552262A4E05E4172B543EC /* ContentView.swift in Sources */,
				3CCD42B0ACCEA046CAF4F06C /* CreatePostView.swift in Sources */,
				4BE5BF6567FE27244B5D069C /* Date+ChatTime.swift in Sources */,
				68CCFB6A39D6BEB6F4E84E9B /* DestructiveButtonStyle.swift in Sources */,
				3125DEB88300904DB337D094 /* DogSitterApp.swift in Sources */,
				E97D3EEDC11D1D183576ABE9 /* EdgeSwipeBack.swift in Sources */,
				56D6724233495C7241C42955 /* EditPostView.swift in Sources */,
				53B63122E572DA71B772DAE1 /* Elevation.swift in Sources */,
				F003C257171DE8AAB3FFC368 /* EmptyStateView.swift in Sources */,
				289AA4990B8C099A15CA12ED /* FirebaseModels.swift in Sources */,
				8B70C0100DFB52B40060CAC1 /* ImagePicker.swift in Sources */,
				C0599BA8CAFDD3816438C106 /* LoadingOverlay.swift in Sources */,
				FA87F396EEEC46BEFE8E93D3 /* LocationTracker.swift in Sources */,
				A3DE2A96DA45B9421B6B3A9A /* LoginView.swift in Sources */,
				5D3C6EFB6B30DE8A63EBD4E2 /* LottieView.swift in Sources */,
				A0CD29ABCDDF765047BFF982 /* MainTabView.swift in Sources */,
				FEE46E28FA7CC59003ED1BF0 /* MapContainerView.swift in Sources */,
				3B59F5F3ECCF20DBE7D17955 /* NotificationManager.swift in Sources */,
				5860E8FD504A1006F33C3A13 /* OwnerViews.swift in Sources */,
				44D10D8B333A7967CD17610C /* PaymentHistoryView.swift in Sources */,
				FCCF554D78708ADCCCE1047B /* PaymentMethodsView.swift in Sources */,
				D550D70E310C957352C4CF4E /* PaymentModels.swift in Sources */,
				A2638C38774C6AC19F6D8C03 /* PaymentService.swift in Sources */,
				7EA2F7A18EC8DECFD1334427 /* PostComponents.swift in Sources */,
				169750C2ECD1416C0EBE0105 /* PostDetailView.swift in Sources */,
				6F4C73F343A2831995B7B86C /* PreWalkView.swift in Sources */,
				EB5AD097FD9DDBC41F5696E0 /* PrimaryButtonStyle.swift in Sources */,
				2E570FCC717DBE7F7A496E69 /* ProfileAvatar.swift in Sources */,
				638911C303CC4E4AD72D7A54 /* ProfileComponents.swift in Sources */,
				5B01EE76409F26CB956F59D6 /* Radius.swift in Sources */,
				1C6B40917EE3C29C6C11B5C3 /* RouteSnapshotter.swift in Sources */,
				956EB7FCAF66E7B00F80CA71 /* ScreenBackground.swift in Sources */,
				77C57FAC15773F92EA6367D4 /* SecondaryButtonStyle.swift in Sources */,
				ACAA1C02D395D8F3AC496E44 /* SectionHeader.swift in Sources */,
				4C5948B29084A1CDB9DF52B9 /* SignUpView.swift in Sources */,
				68973CA990D24A3178BEA821 /* SitterHomeView.swift in Sources */,
				821CC5261E7DFA74A225424A /* SitterProfileView.swift in Sources */,
				67916E8CEEAAD7A25708A9C5 /* SocialAuthManager.swift in Sources */,
				E10455F18F26A1D6895AD89D /* SocialRoleSelectionView.swift in Sources */,
				45AA1F9C618E3EFD2E894502 /* Spacing.swift in Sources */,
				C0ADA3FCCDCF5712A02E9665 /* Theme+Presets.swift in Sources */,
				13339F971D9A3109B653F215 /* Theme.swift in Sources */,
				5876A727C6B2A2806FE4D37C /* ThemeEnvironment.swift in Sources */,
				B26569BAAE8298489540DB37 /* ThemePalette.swift in Sources */,
				175D44DC96A4E5AE8ED5A776 /* ThemePickerView.swift in Sources */,
				B2FC92F96285F31A0EFBFF1B /* ThemedTextFieldStyle.swift in Sources */,
				0D2CC1CEB953DF95E0D97089 /* Typography.swift in Sources */,
				990FB98D7EBC58932E62356A /* WalkActivityAttributes.swift in Sources */,
				9406D15EF145A791BFC52911 /* WalkActivityIntents.swift in Sources */,
				4BEABD2BD31FA6E5B2B508C8 /* WalkFullView.swift in Sources */,
				4C5346879B87A241C2547764 /* WalkLiveActivityManager.swift in Sources */,
				BDB8C133627EC5DBBCC48D07 /* WalkRecapView.swift in Sources */,
			);
			runOnlyForDeploymentPostprocessing = 0;
		};
/* End PBXSourcesBuildPhase section */

/* Begin PBXTargetDependency section */
		7ADE1749EEEFC9567743A746 /* PBXTargetDependency */ = {
			isa = PBXTargetDependency;
			target = 0BCACF1911C0553A7D64D2E7 /* WalkActivityWidget */;
			targetProxy = EC602EDD3F730B5D9BCC52CE /* PBXContainerItemProxy */;
		};
/* End PBXTargetDependency section */

/* Begin XCBuildConfiguration section */
		288D3A81A256D680E95B6095 /* Release */ = {
			isa = XCBuildConfiguration;
			buildSettings = {
				DEVELOPMENT_TEAM = V9M686F4S3;
				GENERATE_INFOPLIST_FILE = YES;
				INFOPLIST_FILE = Sources/WalkActivityWidget/Info.plist;
				IPHONEOS_DEPLOYMENT_TARGET = 17.0;
				LD_RUNPATH_SEARCH_PATHS = (
					"$(inherited)",
					"@executable_path/Frameworks",
					"@executable_path/../../Frameworks",
				);
				PRODUCT_BUNDLE_IDENTIFIER = com.shaqed.dogsitter.WalkActivityWidget;
				SDKROOT = iphoneos;
				SKIP_INSTALL = YES;
				SWIFT_VERSION = 5.9;
				TARGETED_DEVICE_FAMILY = "1,2";
			};
			name = Release;
		};
		4373E928E65CD307C8516569 /* Debug */ = {
			isa = XCBuildConfiguration;
			buildSettings = {
				ALWAYS_SEARCH_USER_PATHS = NO;
				CLANG_ANALYZER_NONNULL = YES;
				CLANG_ANALYZER_NUMBER_OBJECT_CONVERSION = YES_AGGRESSIVE;
				CLANG_CXX_LANGUAGE_STANDARD = "gnu++14";
				CLANG_CXX_LIBRARY = "libc++";
				CLANG_ENABLE_MODULES = YES;
				CLANG_ENABLE_OBJC_ARC = YES;
				CLANG_ENABLE_OBJC_WEAK = YES;
				CLANG_WARN_BLOCK_CAPTURE_AUTORELEASING = YES;
				CLANG_WARN_BOOL_CONVERSION = YES;
				CLANG_WARN_COMMA = YES;
				CLANG_WARN_CONSTANT_CONVERSION = YES;
				CLANG_WARN_DEPRECATED_OBJC_IMPLEMENTATIONS = YES;
				CLANG_WARN_DIRECT_OBJC_ISA_USAGE = YES_ERROR;
				CLANG_WARN_DOCUMENTATION_COMMENTS = YES;
				CLANG_WARN_EMPTY_BODY = YES;
				CLANG_WARN_ENUM_CONVERSION = YES;
				CLANG_WARN_INFINITE_RECURSION = YES;
				CLANG_WARN_INT_CONVERSION = YES;
				CLANG_WARN_NON_LITERAL_NULL_CONVERSION = YES;
				CLANG_WARN_OBJC_IMPLICIT_RETAIN_SELF = YES;
				CLANG_WARN_OBJC_LITERAL_CONVERSION = YES;
				CLANG_WARN_OBJC_ROOT_CLASS = YES_ERROR;
				CLANG_WARN_QUOTED_INCLUDE_IN_FRAMEWORK_HEADER = YES;
				CLANG_WARN_RANGE_LOOP_ANALYSIS = YES;
				CLANG_WARN_STRICT_PROTOTYPES = YES;
				CLANG_WARN_SUSPICIOUS_MOVE = YES;
				CLANG_WARN_UNGUARDED_AVAILABILITY = YES_AGGRESSIVE;
				CLANG_WARN_UNREACHABLE_CODE = YES;
				CLANG_WARN__DUPLICATE_METHOD_MATCH = YES;
				COPY_PHASE_STRIP = NO;
				CURRENT_PROJECT_VERSION = 1;
				DEBUG_INFORMATION_FORMAT = dwarf;
				ENABLE_STRICT_OBJC_MSGSEND = YES;
				ENABLE_TESTABILITY = YES;
				GCC_C_LANGUAGE_STANDARD = gnu11;
				GCC_DYNAMIC_NO_PIC = NO;
				GCC_NO_COMMON_BLOCKS = YES;
				GCC_OPTIMIZATION_LEVEL = 0;
				GCC_PREPROCESSOR_DEFINITIONS = (
					"$(inherited)",
					"DEBUG=1",
				);
				GCC_WARN_64_TO_32_BIT_CONVERSION = YES;
				GCC_WARN_ABOUT_RETURN_TYPE = YES_ERROR;
				GCC_WARN_UNDECLARED_SELECTOR = YES;
				GCC_WARN_UNINITIALIZED_AUTOS = YES_AGGRESSIVE;
				GCC_WARN_UNUSED_FUNCTION = YES;
				GCC_WARN_UNUSED_VARIABLE = YES;
				MARKETING_VERSION = 1.0;
				MTL_ENABLE_DEBUG_INFO = INCLUDE_SOURCE;
				MTL_FAST_MATH = YES;
				ONLY_ACTIVE_ARCH = YES;
				PRODUCT_NAME = "$(TARGET_NAME)";
				SDKROOT = iphoneos;
				SWIFT_ACTIVE_COMPILATION_CONDITIONS = DEBUG;
				SWIFT_OPTIMIZATION_LEVEL = "-Onone";
				SWIFT_VERSION = 5.0;
			};
			name = Debug;
		};
		7579A72FF9F2C8717B12A572 /* Debug */ = {
			isa = XCBuildConfiguration;
			buildSettings = {
				ASSETCATALOG_COMPILER_APPICON_NAME = AppIcon;
				CODE_SIGN_IDENTITY = "iPhone Developer";
				DEVELOPMENT_TEAM = V9M686F4S3;
				GENERATE_INFOPLIST_FILE = YES;
				INFOPLIST_FILE = Sources/Info.plist;
				INFOPLIST_KEY_UILaunchScreen_Generation = YES;
				INFOPLIST_KEY_UIRequiresFullScreen = YES;
				IPHONEOS_DEPLOYMENT_TARGET = 17.0;
				LD_RUNPATH_SEARCH_PATHS = (
					"$(inherited)",
					"@executable_path/Frameworks",
				);
				PRODUCT_BUNDLE_IDENTIFIER = com.shaqed.dogsitter;
				SDKROOT = iphoneos;
				SWIFT_VERSION = 5.9;
				TARGETED_DEVICE_FAMILY = "1,2";
			};
			name = Debug;
		};
		B8631491ABDED6DE1B0D7C49 /* Release */ = {
			isa = XCBuildConfiguration;
			buildSettings = {
				ALWAYS_SEARCH_USER_PATHS = NO;
				CLANG_ANALYZER_NONNULL = YES;
				CLANG_ANALYZER_NUMBER_OBJECT_CONVERSION = YES_AGGRESSIVE;
				CLANG_CXX_LANGUAGE_STANDARD = "gnu++14";
				CLANG_CXX_LIBRARY = "libc++";
				CLANG_ENABLE_MODULES = YES;
				CLANG_ENABLE_OBJC_ARC = YES;
				CLANG_ENABLE_OBJC_WEAK = YES;
				CLANG_WARN_BLOCK_CAPTURE_AUTORELEASING = YES;
				CLANG_WARN_BOOL_CONVERSION = YES;
				CLANG_WARN_COMMA = YES;
				CLANG_WARN_CONSTANT_CONVERSION = YES;
				CLANG_WARN_DEPRECATED_OBJC_IMPLEMENTATIONS = YES;
				CLANG_WARN_DIRECT_OBJC_ISA_USAGE = YES_ERROR;
				CLANG_WARN_DOCUMENTATION_COMMENTS = YES;
				CLANG_WARN_EMPTY_BODY = YES;
				CLANG_WARN_ENUM_CONVERSION = YES;
				CLANG_WARN_INFINITE_RECURSION = YES;
				CLANG_WARN_INT_CONVERSION = YES;
				CLANG_WARN_NON_LITERAL_NULL_CONVERSION = YES;
				CLANG_WARN_OBJC_IMPLICIT_RETAIN_SELF = YES;
				CLANG_WARN_OBJC_LITERAL_CONVERSION = YES;
				CLANG_WARN_OBJC_ROOT_CLASS = YES_ERROR;
				CLANG_WARN_QUOTED_INCLUDE_IN_FRAMEWORK_HEADER = YES;
				CLANG_WARN_RANGE_LOOP_ANALYSIS = YES;
				CLANG_WARN_STRICT_PROTOTYPES = YES;
				CLANG_WARN_SUSPICIOUS_MOVE = YES;
				CLANG_WARN_UNGUARDED_AVAILABILITY = YES_AGGRESSIVE;
				CLANG_WARN_UNREACHABLE_CODE = YES;
				CLANG_WARN__DUPLICATE_METHOD_MATCH = YES;
				COPY_PHASE_STRIP = NO;
				CURRENT_PROJECT_VERSION = 1;
				DEBUG_INFORMATION_FORMAT = "dwarf-with-dsym";
				ENABLE_NS_ASSERTIONS = NO;
				ENABLE_STRICT_OBJC_MSGSEND = YES;
				GCC_C_LANGUAGE_STANDARD = gnu11;
				GCC_NO_COMMON_BLOCKS = YES;
				GCC_WARN_64_TO_32_BIT_CONVERSION = YES;
				GCC_WARN_ABOUT_RETURN_TYPE = YES_ERROR;
				GCC_WARN_UNDECLARED_SELECTOR = YES;
				GCC_WARN_UNINITIALIZED_AUTOS = YES_AGGRESSIVE;
				GCC_WARN_UNUSED_FUNCTION = YES;
				GCC_WARN_UNUSED_VARIABLE = YES;
				MARKETING_VERSION = 1.0;
				MTL_ENABLE_DEBUG_INFO = NO;
				MTL_FAST_MATH = YES;
				PRODUCT_NAME = "$(TARGET_NAME)";
				SDKROOT = iphoneos;
				SWIFT_COMPILATION_MODE = wholemodule;
				SWIFT_OPTIMIZATION_LEVEL = "-O";
				SWIFT_VERSION = 5.0;
			};
			name = Release;
		};
		DC35CC7DBEF41E3AA39F7FD8 /* Debug */ = {
			isa = XCBuildConfiguration;
			buildSettings = {
				DEVELOPMENT_TEAM = V9M686F4S3;
				GENERATE_INFOPLIST_FILE = YES;
				INFOPLIST_FILE = Sources/WalkActivityWidget/Info.plist;
				IPHONEOS_DEPLOYMENT_TARGET = 17.0;
				LD_RUNPATH_SEARCH_PATHS = (
					"$(inherited)",
					"@executable_path/Frameworks",
					"@executable_path/../../Frameworks",
				);
				PRODUCT_BUNDLE_IDENTIFIER = com.shaqed.dogsitter.WalkActivityWidget;
				SDKROOT = iphoneos;
				SKIP_INSTALL = YES;
				SWIFT_VERSION = 5.9;
				TARGETED_DEVICE_FAMILY = "1,2";
			};
			name = Debug;
		};
		DD6339275FAF3A8C0C7C1D42 /* Release */ = {
			isa = XCBuildConfiguration;
			buildSettings = {
				ASSETCATALOG_COMPILER_APPICON_NAME = AppIcon;
				CODE_SIGN_IDENTITY = "iPhone Developer";
				DEVELOPMENT_TEAM = V9M686F4S3;
				GENERATE_INFOPLIST_FILE = YES;
				INFOPLIST_FILE = Sources/Info.plist;
				INFOPLIST_KEY_UILaunchScreen_Generation = YES;
				INFOPLIST_KEY_UIRequiresFullScreen = YES;
				IPHONEOS_DEPLOYMENT_TARGET = 17.0;
				LD_RUNPATH_SEARCH_PATHS = (
					"$(inherited)",
					"@executable_path/Frameworks",
				);
				PRODUCT_BUNDLE_IDENTIFIER = com.shaqed.dogsitter;
				SDKROOT = iphoneos;
				SWIFT_VERSION = 5.9;
				TARGETED_DEVICE_FAMILY = "1,2";
			};
			name = Release;
		};
/* End XCBuildConfiguration section */

/* Begin XCConfigurationList section */
		11D57EF6698BA485C54D1920 /* Build configuration list for PBXNativeTarget "DogSitter" */ = {
			isa = XCConfigurationList;
			buildConfigurations = (
				7579A72FF9F2C8717B12A572 /* Debug */,
				DD6339275FAF3A8C0C7C1D42 /* Release */,
			);
			defaultConfigurationIsVisible = 0;
			defaultConfigurationName = Debug;
		};
		3EEB50EC9AD96F30A66D6F5A /* Build configuration list for PBXNativeTarget "WalkActivityWidget" */ = {
			isa = XCConfigurationList;
			buildConfigurations = (
				DC35CC7DBEF41E3AA39F7FD8 /* Debug */,
				288D3A81A256D680E95B6095 /* Release */,
			);
			defaultConfigurationIsVisible = 0;
			defaultConfigurationName = Debug;
		};
		DE4B870A1D80E8E67711E1DD /* Build configuration list for PBXProject "DogSitter" */ = {
			isa = XCConfigurationList;
			buildConfigurations = (
				4373E928E65CD307C8516569 /* Debug */,
				B8631491ABDED6DE1B0D7C49 /* Release */,
			);
			defaultConfigurationIsVisible = 0;
			defaultConfigurationName = Debug;
		};
/* End XCConfigurationList section */

/* Begin XCRemoteSwiftPackageReference section */
		919B307F16ADB29310FBF1F8 /* XCRemoteSwiftPackageReference "lottie-spm" */ = {
			isa = XCRemoteSwiftPackageReference;
			repositoryURL = "https://github.com/airbnb/lottie-spm.git";
			requirement = {
				kind = upToNextMajorVersion;
				minimumVersion = 4.0.0;
			};
		};
		9E48349BCA75233514C842D7 /* XCRemoteSwiftPackageReference "GoogleSignIn-iOS" */ = {
			isa = XCRemoteSwiftPackageReference;
			repositoryURL = "https://github.com/google/GoogleSignIn-iOS";
			requirement = {
				kind = upToNextMajorVersion;
				minimumVersion = 7.0.0;
			};
		};
		B77D7E6474682F7EE9ADF14E /* XCRemoteSwiftPackageReference "firebase-ios-sdk" */ = {
			isa = XCRemoteSwiftPackageReference;
			repositoryURL = "https://github.com/firebase/firebase-ios-sdk";
			requirement = {
				kind = upToNextMajorVersion;
				minimumVersion = 12.12.0;
			};
		};
/* End XCRemoteSwiftPackageReference section */

/* Begin XCLocalSwiftPackageReference section */
		58EA9FAEB1A0E8D76BBF058C /* XCLocalSwiftPackageReference "SecurityKit" */ = {
			isa = XCLocalSwiftPackageReference;
			relativePath = SecurityKit;
		};
/* End XCLocalSwiftPackageReference section */

/* Begin XCSwiftPackageProductDependency section */
		1CCFF6FCA40FAA5CE29461C6 /* FirebaseAnalytics */ = {
			isa = XCSwiftPackageProductDependency;
			package = B77D7E6474682F7EE9ADF14E /* XCRemoteSwiftPackageReference "firebase-ios-sdk" */;
			productName = FirebaseAnalytics;
		};
		612941E548241C26DEDAA206 /* FirebaseAuth */ = {
			isa = XCSwiftPackageProductDependency;
			package = B77D7E6474682F7EE9ADF14E /* XCRemoteSwiftPackageReference "firebase-ios-sdk" */;
			productName = FirebaseAuth;
		};
		C346BA0635C1E6957954F4E8 /* SecurityKit */ = {
			isa = XCSwiftPackageProductDependency;
			productName = SecurityKit;
		};
		CD00BA1D0194C8DD6FD4B30F /* GoogleSignInSwift */ = {
			isa = XCSwiftPackageProductDependency;
			package = 9E48349BCA75233514C842D7 /* XCRemoteSwiftPackageReference "GoogleSignIn-iOS" */;
			productName = GoogleSignInSwift;
		};
		DAB3DBCB3F67FDB09B5FD2F1 /* FirebaseFirestore */ = {
			isa = XCSwiftPackageProductDependency;
			package = B77D7E6474682F7EE9ADF14E /* XCRemoteSwiftPackageReference "firebase-ios-sdk" */;
			productName = FirebaseFirestore;
		};
		E2FA0E25B75E88405B76781F /* GoogleSignIn */ = {
			isa = XCSwiftPackageProductDependency;
			package = 9E48349BCA75233514C842D7 /* XCRemoteSwiftPackageReference "GoogleSignIn-iOS" */;
			productName = GoogleSignIn;
		};
		EB747355D215666D781B149C /* Lottie */ = {
			isa = XCSwiftPackageProductDependency;
			package = 919B307F16ADB29310FBF1F8 /* XCRemoteSwiftPackageReference "lottie-spm" */;
			productName = Lottie;
		};
/* End XCSwiftPackageProductDependency section */
	};
	rootObject = 40C0CE5940849624A2BDAF20 /* Project object */;
}
